// !$*UTF8*$!
{
	archiveVersion = 1;
	classes = {
	};
	objectVersion = 50;
	objects = {

/* Begin PBXBuildFile section */
		1030F96F2538BA90009A40FB /* ButtonView.swift in Sources */ = {isa = PBXBuildFile; fileRef = 1030F96E2538BA90009A40FB /* ButtonView.swift */; };
		1030F9722538BEFE009A40FB /* AccountButtonView.swift in Sources */ = {isa = PBXBuildFile; fileRef = 1030F9712538BEFE009A40FB /* AccountButtonView.swift */; };
		1056FC102538B3AF0069F6E3 /* TabDetailsView.swift in Sources */ = {isa = PBXBuildFile; fileRef = 1056FC0F2538B3AF0069F6E3 /* TabDetailsView.swift */; };
		10BA24D425388435005CE599 /* SwiftUI_WalkthroughApp.swift in Sources */ = {isa = PBXBuildFile; fileRef = 10BA24D325388435005CE599 /* SwiftUI_WalkthroughApp.swift */; };
		10BA24D625388435005CE599 /* ContentView.swift in Sources */ = {isa = PBXBuildFile; fileRef = 10BA24D525388435005CE599 /* ContentView.swift */; };
		10BA24D825388438005CE599 /* Assets.xcassets in Resources */ = {isa = PBXBuildFile; fileRef = 10BA24D725388438005CE599 /* Assets.xcassets */; };
		10BA24DB25388438005CE599 /* Preview Assets.xcassets in Resources */ = {isa = PBXBuildFile; fileRef = 10BA24DA25388438005CE599 /* Preview Assets.xcassets */; };
		10BA24E425388462005CE599 /* Data.swift in Sources */ = {isa = PBXBuildFile; fileRef = 10BA24E325388462005CE599 /* Data.swift */; };
		10BA24E725388ED5005CE599 /* GradiantView.swift in Sources */ = {isa = PBXBuildFile; fileRef = 10BA24E625388ED5005CE599 /* GradiantView.swift */; };
		10BA24EF2538A336005CE599 /* WalkthroughtView.swift in Sources */ = {isa = PBXBuildFile; fileRef = 10BA24EE2538A336005CE599 /* WalkthroughtView.swift */; };
		10BA24F22538A4A7005CE599 /* PageTabView.swift in Sources */ = {isa = PBXBuildFile; fileRef = 10BA24F12538A4A7005CE599 /* PageTabView.swift */; };
/* End PBXBuildFile section */

/* Begin PBXFileReference section */
		1030F96E2538BA90009A40FB /* ButtonView.swift */ = {isa = PBXFileReference; lastKnownFileType = sourcecode.swift; path = ButtonView.swift; sourceTree = "<group>"; };
		1030F9712538BEFE009A40FB /* AccountButtonView.swift */ = {isa = PBXFileReference; lastKnownFileType = sourcecode.swift; path = AccountButtonView.swift; sourceTree = "<group>"; };
		1056FC0F2538B3AF0069F6E3 /* TabDetailsView.swift */ = {isa = PBXFileReference; lastKnownFileType = sourcecode.swift; path = TabDetailsView.swift; sourceTree = "<group>"; };
		10BA24D025388435005CE599 /* SwiftUI Walkthrough.app */ = {isa = PBXFileReference; explicitFileType = wrapper.application; includeInIndex = 0; path = "SwiftUI Walkthrough.app"; sourceTree = BUILT_PRODUCTS_DIR; };
		10BA24D325388435005CE599 /* SwiftUI_WalkthroughApp.swift */ = {isa = PBXFileReference; lastKnownFileType = sourcecode.swift; path = SwiftUI_WalkthroughApp.swift; sourceTree = "<group>"; };
		10BA24D525388435005CE599 /* ContentView.swift */ = {isa = PBXFileReference; lastKnownFileType = sourcecode.swift; path = ContentView.swift; sourceTree = "<group>"; };
		10BA24D725388438005CE599 /* Assets.xcassets */ = {isa = PBXFileReference; lastKnownFileType = folder.assetcatalog; path = Assets.xcassets; sourceTree = "<group>"; };
		10BA24DA25388438005CE599 /* Preview Assets.xcassets */ = {isa = PBXFileReference; lastKnownFileType = folder.assetcatalog; path = "Preview Assets.xcassets"; sourceTree = "<group>"; };
		10BA24DC25388438005CE599 /* Info.plist */ = {isa = PBXFileReference; lastKnownFileType = text.plist.xml; path = Info.plist; sourceTree = "<group>"; };
		10BA24E325388462005CE599 /* Data.swift */ = {isa = PBXFileReference; lastKnownFileType = sourcecode.swift; path = Data.swift; sourceTree = "<group>"; };
		10BA24E625388ED5005CE599 /* GradiantView.swift */ = {isa = PBXFileReference; lastKnownFileType = sourcecode.swift; path = GradiantView.swift; sourceTree = "<group>"; };
		10BA24EE2538A336005CE599 /* WalkthroughtView.swift */ = {isa = PBXFileReference; lastKnownFileType = sourcecode.swift; path = WalkthroughtView.swift; sourceTree = "<group>"; };
		10BA24F12538A4A7005CE599 /* PageTabView.swift */ = {isa = PBXFileReference; lastKnownFileType = sourcecode.swift; path = PageTabView.swift; sourceTree = "<group>"; };
/* End PBXFileReference section */

/* Begin PBXFrameworksBuildPhase section */
		10BA24CD25388435005CE599 /* Frameworks */ = {
			isa = PBXFrameworksBuildPhase;
			buildActionMask = 2147483647;
			files = (
			);
			runOnlyForDeploymentPostprocessing = 0;
		};
/* End PBXFrameworksBuildPhase section */

/* Begin PBXGroup section */
		10BA24C725388435005CE599 = {
			isa = PBXGroup;
			children = (
				10BA24D225388435005CE599 /* SwiftUI Walkthrough */,
				10BA24D125388435005CE599 /* Products */,
			);
			sourceTree = "<group>";
		};
		10BA24D125388435005CE599 /* Products */ = {
			isa = PBXGroup;
			children = (
				10BA24D025388435005CE599 /* SwiftUI Walkthrough.app */,
			);
			name = Products;
			sourceTree = "<group>";
		};
		10BA24D225388435005CE599 /* SwiftUI Walkthrough */ = {
			isa = PBXGroup;
			children = (
				10BA24F12538A4A7005CE599 /* PageTabView.swift */,
				1030F96E2538BA90009A40FB /* ButtonView.swift */,
				1056FC0F2538B3AF0069F6E3 /* TabDetailsView.swift */,
				10BA24D325388435005CE599 /* SwiftUI_WalkthroughApp.swift */,
				10BA24D525388435005CE599 /* ContentView.swift */,
				1030F9712538BEFE009A40FB /* AccountButtonView.swift */,
				10BA24EE2538A336005CE599 /* WalkthroughtView.swift */,
				10BA24E625388ED5005CE599 /* GradiantView.swift */,
				10BA24E325388462005CE599 /* Data.swift */,
				10BA24D725388438005CE599 /* Assets.xcassets */,
				10BA24DC25388438005CE599 /* Info.plist */,
				10BA24D925388438005CE599 /* Preview Content */,
			);
			path = "SwiftUI Walkthrough";
			sourceTree = "<group>";
		};
		10BA24D925388438005CE599 /* Preview Content */ = {
			isa = PBXGroup;
			children = (
				10BA24DA25388438005CE599 /* Preview Assets.xcassets */,
			);
			path = "Preview Content";
			sourceTree = "<group>";
		};
/* End PBXGroup section */

/* Begin PBXNativeTarget section */
		10BA24CF25388435005CE599 /* SwiftUI Walkthrough */ = {
			isa = PBXNativeTarget;
			buildConfigurationList = 10BA24DF25388438005CE599 /* Build configuration list for PBXNativeTarget "SwiftUI Walkthrough" */;
			buildPhases = (
				10BA24CC25388435005CE599 /* Sources */,
				10BA24CD25388435005CE599 /* Frameworks */,
				10BA24CE25388435005CE599 /* Resources */,
			);
			buildRules = (
			);
			dependencies = (
			);
			name = "SwiftUI Walkthrough";
			productName = "SwiftUI Walkthrough";
			productReference = 10BA24D025388435005CE599 /* SwiftUI Walkthrough.app */;
			productType = "com.apple.product-type.application";
		};
/* End PBXNativeTarget section */

/* Begin PBXProject section */
		10BA24C825388435005CE599 /* Project object */ = {
			isa = PBXProject;
			attributes = {
				LastSwiftUpdateCheck = 1200;
				LastUpgradeCheck = 1200;
				TargetAttributes = {
					10BA24CF25388435005CE599 = {
						CreatedOnToolsVersion = 12.0.1;
					};
				};
			};
			buildConfigurationList = 10BA24CB25388435005CE599 /* Build configuration list for PBXProject "SwiftUI Walkthrough" */;
			compatibilityVersion = "Xcode 9.3";
			developmentRegion = en;
			hasScannedForEncodings = 0;
			knownRegions = (
				en,
				Base,
			);
			mainGroup = 10BA24C725388435005CE599;
			productRefGroup = 10BA24D125388435005CE599 /* Products */;
			projectDirPath = "";
			projectRoot = "";
			targets = (
				10BA24CF25388435005CE599 /* SwiftUI Walkthrough */,
			);
		};
/* End PBXProject section */

/* Begin PBXResourcesBuildPhase section */
		10BA24CE25388435005CE599 /* Resources */ = {
			isa = PBXResourcesBuildPhase;
			buildActionMask = 2147483647;
			files = (
				10BA24DB25388438005CE599 /* Preview Assets.xcassets in Resources */,
				10BA24D825388438005CE599 /* Assets.xcassets in Resources */,
			);
			runOnlyForDeploymentPostprocessing = 0;
		};
/* End PBXResourcesBuildPhase section */

/* Begin PBXSourcesBuildPhase section */
		10BA24CC25388435005CE599 /* Sources */ = {
			isa = PBXSourcesBuildPhase;
			buildActionMask = 2147483647;
			files = (
				10BA24D625388435005CE599 /* ContentView.swift in Sources */,
				1056FC102538B3AF0069F6E3 /* TabDetailsView.swift in Sources */,
				1030F96F2538BA90009A40FB /* ButtonView.swift in Sources */,
				10BA24EF2538A336005CE599 /* WalkthroughtView.swift in Sources */,
				10BA24E425388462005CE599 /* Data.swift in Sources */,
				10BA24E725388ED5005CE599 /* GradiantView.swift in Sources */,
				10BA24D425388435005CE599 /* SwiftUI_WalkthroughApp.swift in Sources */,
				10BA24F22538A4A7005CE599 /* PageTabView.swift in Sources */,
				1030F9722538BEFE009A40FB /* AccountButtonView.swift in Sources */,
			);
			runOnlyForDeploymentPostprocessing = 0;
		};
/* End PBXSourcesBuildPhase section */

/* Begin XCBuildConfiguration section */
		10BA24DD25388438005CE599 /* Debug */ = {
			isa = XCBuildConfiguration;
			buildSettings = {
				ALWAYS_SEARCH_USER_PATHS = NO;
				CLANG_ANALYZER_NONNULL = YES;
				CLANG_ANALYZER_NUMBER_OBJECT_CONVERSION = YES_AGGRESSIVE;
				CLANG_CXX_LANGUAGE_STANDARD = "gnu++14";
				CLANG_CXX_LIBRARY = "libc++";
				CLANG_ENABLE_MODULES = YES;
				CLANG_ENABLE_OBJC_ARC = YES;
				CLANG_ENABLE_OBJC_WEAK = YES;
				CLANG_WARN_BLOCK_CAPTURE_AUTORELEASING = YES;
				CLANG_WARN_BOOL_CONVERSION = YES;
				CLANG_WARN_COMMA = YES;
				CLANG_WARN_CONSTANT_CONVERSION = YES;
				CLANG_WARN_DEPRECATED_OBJC_IMPLEMENTATIONS = YES;
				CLANG_WARN_DIRECT_OBJC_ISA_USAGE = YES_ERROR;
				CLANG_WARN_DOCUMENTATION_COMMENTS = YES;
				CLANG_WARN_EMPTY_BODY = YES;
				CLANG_WARN_ENUM_CONVERSION = YES;
				CLANG_WARN_INFINITE_RECURSION = YES;
				CLANG_WARN_INT_CONVERSION = YES;
				CLANG_WARN_NON_LITERAL_NULL_CONVERSION = YES;
				CLANG_WARN_OBJC_IMPLICIT_RETAIN_SELF = YES;
				CLANG_WARN_OBJC_LITERAL_CONVERSION = YES;
				CLANG_WARN_OBJC_ROOT_CLASS = YES_ERROR;
				CLANG_WARN_QUOTED_INCLUDE_IN_FRAMEWORK_HEADER = YES;
				CLANG_WARN_RANGE_LOOP_ANALYSIS = YES;
				CLANG_WARN_STRICT_PROTOTYPES = YES;
				CLANG_WARN_SUSPICIOUS_MOVE = YES;
				CLANG_WARN_UNGUARDED_AVAILABILITY = YES_AGGRESSIVE;
				CLANG_WARN_UNREACHABLE_CODE = YES;
				CLANG_WARN__DUPLICATE_METHOD_MATCH = YES;
				COPY_PHASE_STRIP = NO;
				DEBUG_INFORMATION_FORMAT = dwarf;
				ENABLE_STRICT_OBJC_MSGSEND = YES;
				ENABLE_TESTABILITY = YES;
				GCC_C_LANGUAGE_STANDARD = gnu11;
				GCC_DYNAMIC_NO_PIC = NO;
				GCC_NO_COMMON_BLOCKS = YES;
				GCC_OPTIMIZATION_LEVEL = 0;
				GCC_PREPROCESSOR_DEFINITIONS = (
					"DEBUG=1",
					"$(inherited)",
				);
				GCC_WARN_64_TO_32_BIT_CONVERSION = YES;
				GCC_WARN_ABOUT_RETURN_TYPE = YES_ERROR;
				GCC_WARN_UNDECLARED_SELECTOR = YES;
				GCC_WARN_UNINITIALIZED_AUTOS = YES_AGGRESSIVE;
				GCC_WARN_UNUSED_FUNCTION = YES;
				GCC_WARN_UNUSED_VARIABLE = YES;
				IPHONEOS_DEPLOYMENT_TARGET = 14.0;
				MTL_ENABLE_DEBUG_INFO = INCLUDE_SOURCE;
				MTL_FAST_MATH = YES;
				ONLY_ACTIVE_ARCH = YES;
				SDKROOT = iphoneos;
				SWIFT_ACTIVE_COMPILATION_CONDITIONS = DEBUG;
				SWIFT_OPTIMIZATION_LEVEL = "-Onone";
			};
			name = Debug;
		};
		10BA24DE25388438005CE599 /* Release */ = {
			isa = XCBuildConfiguration;
			buildSettings = {
				ALWAYS_SEARCH_USER_PATHS = NO;
				CLANG_ANALYZER_NONNULL = YES;
				CLANG_ANALYZER_NUMBER_OBJECT_CONVERSION = YES_AGGRESSIVE;
				CLANG_CXX_LANGUAGE_STANDARD = "gnu++14";
				CLANG_CXX_LIBRARY = "libc++";
				CLANG_ENABLE_MODULES = YES;
				CLANG_ENABLE_OBJC_ARC = YES;
				CLANG_ENABLE_OBJC_WEAK = YES;
				CLANG_WARN_BLOCK_CAPTURE_AUTORELEASING = YES;
				CLANG_WARN_BOOL_CONVERSION = YES;
				CLANG_WARN_COMMA = YES;
				CLANG_WARN_CONSTANT_CONVERSION = YES;
				CLANG_WARN_DEPRECATED_OBJC_IMPLEMENTATIONS = YES;
				CLANG_WARN_DIRECT_OBJC_ISA_USAGE = YES_ERROR;
				CLANG_WARN_DOCUMENTATION_COMMENTS = YES;
				CLANG_WARN_EMPTY_BODY = YES;
				CLANG_WARN_ENUM_CONVERSION = YES;
				CLANG_WARN_INFINITE_RECURSION = YES;
				CLANG_WARN_INT_CONVERSION = YES;
				CLANG_WARN_NON_LITERAL_NULL_CONVERSION = YES;
				CLANG_WARN_OBJC_IMPLICIT_RETAIN_SELF = YES;
				CLANG_WARN_OBJC_LITERAL_CONVERSION = YES;
				CLANG_WARN_OBJC_ROOT_CLASS = YES_ERROR;
				CLANG_WARN_QUOTED_INCLUDE_IN_FRAMEWORK_HEADER = YES;
				CLANG_WARN_RANGE_LOOP_ANALYSIS = YES;
				CLANG_WARN_STRICT_PROTOTYPES = YES;
				CLANG_WARN_SUSPICIOUS_MOVE = YES;
				CLANG_WARN_UNGUARDED_AVAILABILITY = YES_AGGRESSIVE;
				CLANG_WARN_UNREACHABLE_CODE = YES;
				CLANG_WARN__DUPLICATE_METHOD_MATCH = YES;
				COPY_PHASE_STRIP = NO;
				DEBUG_INFORMATION_FORMAT = "dwarf-with-dsym";
				ENABLE_NS_ASSERTIONS = NO;
				ENABLE_STRICT_OBJC_MSGSEND = YES;
				GCC_C_LANGUAGE_STANDARD = gnu11;
				GCC_NO_COMMON_BLOCKS = YES;
				GCC_WARN_64_TO_32_BIT_CONVERSION = YES;
				GCC_WARN_ABOUT_RETURN_TYPE = YES_ERROR;
				GCC_WARN_UNDECLARED_SELECTOR = YES;
				GCC_WARN_UNINITIALIZED_AUTOS = YES_AGGRESSIVE;
				GCC_WARN_UNUSED_FUNCTION = YES;
				GCC_WARN_UNUSED_VARIABLE = YES;
				IPHONEOS_DEPLOYMENT_TARGET = 14.0;
				MTL_ENABLE_DEBUG_INFO = NO;
				MTL_FAST_MATH = YES;
				SDKROOT = iphoneos;
				SWIFT_COMPILATION_MODE = wholemodule;
				SWIFT_OPTIMIZATION_LEVEL = "-O";
				VALIDATE_PRODUCT = YES;
			};
			name = Release;
		};
		10BA24E025388438005CE599 /* Debug */ = {
			isa = XCBuildConfiguration;
			buildSettings = {
				ASSETCATALOG_COMPILER_APPICON_NAME = AppIcon;
				ASSETCATALOG_COMPILER_GLOBAL_ACCENT_COLOR_NAME = AccentColor;
				CODE_SIGN_STYLE = Automatic;
				DEVELOPMENT_ASSET_PATHS = "\"SwiftUI Walkthrough/Preview Content\"";
				DEVELOPMENT_TEAM = 28FY2PHCA4;
				ENABLE_PREVIEWS = YES;
				INFOPLIST_FILE = "SwiftUI Walkthrough/Info.plist";
				IPHONEOS_DEPLOYMENT_TARGET = 14.0;
				LD_RUNPATH_SEARCH_PATHS = (
					"$(inherited)",
					"@executable_path/Frameworks",
				);
				PRODUCT_BUNDLE_IDENTIFIER = "elhajjaji.SwiftUI-Walkthrough";
				PRODUCT_NAME = "$(TARGET_NAME)";
				SWIFT_VERSION = 5.0;
				TARGETED_DEVICE_FAMILY = "1,2";
			};
			name = Debug;
		};
		10BA24E125388438005CE599 /* Release */ = {
			isa = XCBuildConfiguration;
			buildSettings = {
				ASSETCATALOG_COMPILER_APPICON_NAME = AppIcon;
				ASSETCATALOG_COMPILER_GLOBAL_ACCENT_COLOR_NAME = AccentColor;
				CODE_SIGN_STYLE = Automatic;
				DEVELOPMENT_ASSET_PATHS = "\"SwiftUI Walkthrough/Preview Content\"";
				DEVELOPMENT_TEAM = 28FY2PHCA4;
				ENABLE_PREVIEWS = YES;
				INFOPLIST_FILE = "SwiftUI Walkthrough/Info.plist";
				IPHONEOS_DEPLOYMENT_TARGET = 14.0;
				LD_RUNPATH_SEARCH_PATHS = (
					"$(inherited)",
					"@executable_path/Frameworks",
				);
				PRODUCT_BUNDLE_IDENTIFIER = "elhajjaji.SwiftUI-Walkthrough";
				PRODUCT_NAME = "$(TARGET_NAME)";
				SWIFT_VERSION = 5.0;
				TARGETED_DEVICE_FAMILY = "1,2";
			};
			name = Release;
		};
/* End XCBuildConfiguration section */

/* Begin XCConfigurationList section */
		10BA24CB25388435005CE599 /* Build configuration list for PBXProject "SwiftUI Walkthrough" */ = {
			isa = XCConfigurationList;
			buildConfigurations = (
				10BA24DD25388438005CE599 /* Debug */,
				10BA24DE25388438005CE599 /* Release */,
			);
			defaultConfigurationIsVisible = 0;
			defaultConfigurationName = Release;
		};
		10BA24DF25388438005CE599 /* Build configuration list for PBXNativeTarget "SwiftUI Walkthrough" */ = {
			isa = XCConfigurationList;
			buildConfigurations = (
				10BA24E025388438005CE599 /* Debug */,
				10BA24E125388438005CE599 /* Release */,
			);
			defaultConfigurationIsVisible = 0;
			defaultConfigurationName = Release;
		};
/* End XCConfigurationList section */
	};
	rootObject = 10BA24C825388435005CE599 /* Project object */;
}
